
Microsoft Visual Studio Solution File, Format Version 12.00
# Visual Studio Version 17
VisualStudioVersion = 17.13.35931.197 d17.13
MinimumVisualStudioVersion = 10.0.40219.1
Project("{FAE04EC0-301F-11D3-BF4B-00C04F79EFBC}") = "20250929_MyFirstProjektOnGitHub4", "20250929_MyFirstProjektOnGitHub4\20250929_MyFirstProjektOnGitHub4.csproj", "{3B1B1FC9-04BF-40BE-9BDA-E8367B46A0BF}"
EndProject
Global
	GlobalSection(SolutionConfigurationPlatforms) = preSolution
		Debug|Any CPU = Debug|Any CPU
		Release|Any CPU = Release|Any CPU
	EndGlobalSection
	GlobalSection(ProjectConfigurationPlatforms) = postSolution
		{3B1B1FC9-04BF-40BE-9BDA-E8367B46A0BF}.Debug|Any CPU.ActiveCfg = Debug|Any CPU
		{3B1B1FC9-04BF-40BE-9BDA-E8367B46A0BF}.Debug|Any CPU.Build.0 = Debug|Any CPU
		{3B1B1FC9-04BF-40BE-9BDA-E8367B46A0BF}.Release|Any CPU.ActiveCfg = Release|Any CPU
		{3B1B1FC9-04BF-40BE-9BDA-E8367B46A0BF}.Release|Any CPU.Build.0 = Release|Any CPU
	EndGlobalSection
	GlobalSection(SolutionProperties) = preSolution
		HideSolutionNode = FALSE
	EndGlobalSection
	GlobalSection(ExtensibilityGlobals) = postSolution
		SolutionGuid = {B613AFC3-76ED-462E-864C-52297DADF6DA}
	EndGlobalSection
EndGlobal
